
Microsoft Visual Studio Solution File, Format Version 12.00
# Visual Studio 2013
VisualStudioVersion = 12.0.21005.1
MinimumVisualStudioVersion = 10.0.40219.1
Project("{8BC9CEB8-8B4A-11D0-8D11-00A0C91BC942}") = "small_factorials", "small_factorials\small_factorials.vcxproj", "{6FDDA388-87D8-48C7-A9CE-2935186FDA86}"
EndProject
Project("{8BC9CEB8-8B4A-11D0-8D11-00A0C91BC942}") = "holes_in_text", "holes_in_text\holes_in_text.vcxproj", "{D646B939-15AC-41DC-A877-BB711566FB35}"
EndProject
Project("{8BC9CEB8-8B4A-11D0-8D11-00A0C91BC942}") = "turbo_sort", "turbo_sort\turbo_sort.vcxproj", "{6F6353A3-5C84-42A7-BA86-23AF6418B363}"
EndProject
Project("{8BC9CEB8-8B4A-11D0-8D11-00A0C91BC942}") = "sum_triangle", "sum_triangle\sum_triangle.vcxproj", "{68856493-229E-4B4A-AEF0-F63A2D817841}"
EndProject
Project("{8BC9CEB8-8B4A-11D0-8D11-00A0C91BC942}") = "transform_the_expression", "transform_the_expression\transform_the_expression.vcxproj", "{F9D32848-3435-4060-8DD4-81E934914779}"
EndProject
Project("{8BC9CEB8-8B4A-11D0-8D11-00A0C91BC942}") = "ambiguous_permutations", "ambiguous_permutations\ambiguous_permutations.vcxproj", "{92E01F73-D3D6-4C1D-8062-9709ECEBB1E7}"
EndProject
Project("{8BC9CEB8-8B4A-11D0-8D11-00A0C91BC942}") = "n_zeros", "n_zeros\n_zeros.vcxproj", "{124223EE-6BAE-46FF-BE18-FD8F2419CF50}"
EndProject
Project("{8BC9CEB8-8B4A-11D0-8D11-00A0C91BC942}") = "encode_str", "encode_str\encode_str.vcxproj", "{322A3288-1754-4FEF-B25F-D732D394FE33}"
EndProject
Project("{8BC9CEB8-8B4A-11D0-8D11-00A0C91BC942}") = "linked_list", "linked_list\linked_list.vcxproj", "{66AAF0A1-D870-4CAE-B2E6-E8178BF83644}"
EndProject
Project("{8BC9CEB8-8B4A-11D0-8D11-00A0C91BC942}") = "detect_loop", "detect_loop\detect_loop.vcxproj", "{6D14058C-A239-45B8-99E7-89BABDE84CCB}"
EndProject
Project("{8BC9CEB8-8B4A-11D0-8D11-00A0C91BC942}") = "palindrome", "palindrome\palindrome.vcxproj", "{BC06FB64-FF26-47BA-97F9-5AA5DDB273E3}"
EndProject
Project("{8BC9CEB8-8B4A-11D0-8D11-00A0C91BC942}") = "stack", "stack\stack.vcxproj", "{2ADD1357-0F4F-4878-ADE1-D0C69BBF5C12}"
EndProject
Project("{8BC9CEB8-8B4A-11D0-8D11-00A0C91BC942}") = "stack_with_min", "stack_with_min\stack_with_min.vcxproj", "{E0B40348-133F-4963-88CF-E736685CA677}"
EndProject
Project("{8BC9CEB8-8B4A-11D0-8D11-00A0C91BC942}") = "hanoi_towers", "hanoi_towers\hanoi_towers.vcxproj", "{DCA9677C-9E39-4878-82F5-E770606A915C}"
EndProject
Project("{8BC9CEB8-8B4A-11D0-8D11-00A0C91BC942}") = "queue_as_two_stacks", "queue_as_two_stacks\queue_as_two_stacks.vcxproj", "{A8AE7DB6-B07E-465B-B0AD-085C2D530B81}"
EndProject
Project("{8BC9CEB8-8B4A-11D0-8D11-00A0C91BC942}") = "sort_stack", "sort_stack\sort_stack.vcxproj", "{6CD1D9CD-09CE-447D-AAFA-AF7869849CBF}"
EndProject
Project("{8BC9CEB8-8B4A-11D0-8D11-00A0C91BC942}") = "is_balanced", "is_balanced\is_balanced.vcxproj", "{F31FC99F-A16A-4C9B-8489-797009C0462E}"
EndProject
Project("{8BC9CEB8-8B4A-11D0-8D11-00A0C91BC942}") = "graph", "graph\graph.vcxproj", "{42BE6169-84AE-403A-9D49-24EEBFE68755}"
EndProject
Project("{8BC9CEB8-8B4A-11D0-8D11-00A0C91BC942}") = "rotate_linked_list", "rotate_linked_list\rotate_linked_list.vcxproj", "{AE100832-9023-449C-9F71-EB20308484DA}"
EndProject
Project("{8BC9CEB8-8B4A-11D0-8D11-00A0C91BC942}") = "sum_two_numbers", "sum_two_numbers\sum_two_numbers.vcxproj", "{DA77AE18-959C-4736-A9FD-D324E80CC8F0}"
EndProject
Project("{8BC9CEB8-8B4A-11D0-8D11-00A0C91BC942}") = "tree", "tree\tree.vcxproj", "{FDCABFEB-6502-43D1-ABD8-071842500BAE}"
EndProject
Project("{8BC9CEB8-8B4A-11D0-8D11-00A0C91BC942}") = "route_to", "route_to\route_to.vcxproj", "{2DA46E75-1978-4FD2-A10D-907FC7580C8A}"
EndProject
Project("{8BC9CEB8-8B4A-11D0-8D11-00A0C91BC942}") = "sorted_array_to_bst", "sorted_array_to_bst\sorted_array_to_bst.vcxproj", "{65F4C697-4459-4C77-A525-5AF28201D3E6}"
EndProject
Project("{8BC9CEB8-8B4A-11D0-8D11-00A0C91BC942}") = "print_depth", "print_depth\print_depth.vcxproj", "{BBA5EC08-DE74-4FFF-A07F-7B3051C72CEF}"
EndProject
Project("{8BC9CEB8-8B4A-11D0-8D11-00A0C91BC942}") = "check_is_bst", "check_is_bst\check_is_bst.vcxproj", "{BBD1ED72-A241-4342-B362-76DBC1571422}"
EndProject
Global
	GlobalSection(SolutionConfigurationPlatforms) = preSolution
		Debug|Win32 = Debug|Win32
		Release|Win32 = Release|Win32
	EndGlobalSection
	GlobalSection(ProjectConfigurationPlatforms) = postSolution
		{6FDDA388-87D8-48C7-A9CE-2935186FDA86}.Debug|Win32.ActiveCfg = Debug|Win32
		{6FDDA388-87D8-48C7-A9CE-2935186FDA86}.Debug|Win32.Build.0 = Debug|Win32
		{6FDDA388-87D8-48C7-A9CE-2935186FDA86}.Release|Win32.ActiveCfg = Release|Win32
		{6FDDA388-87D8-48C7-A9CE-2935186FDA86}.Release|Win32.Build.0 = Release|Win32
		{D646B939-15AC-41DC-A877-BB711566FB35}.Debug|Win32.ActiveCfg = Debug|Win32
		{D646B939-15AC-41DC-A877-BB711566FB35}.Debug|Win32.Build.0 = Debug|Win32
		{D646B939-15AC-41DC-A877-BB711566FB35}.Release|Win32.ActiveCfg = Release|Win32
		{D646B939-15AC-41DC-A877-BB711566FB35}.Release|Win32.Build.0 = Release|Win32
		{6F6353A3-5C84-42A7-BA86-23AF6418B363}.Debug|Win32.ActiveCfg = Debug|Win32
		{6F6353A3-5C84-42A7-BA86-23AF6418B363}.Debug|Win32.Build.0 = Debug|Win32
		{6F6353A3-5C84-42A7-BA86-23AF6418B363}.Release|Win32.ActiveCfg = Release|Win32
		{6F6353A3-5C84-42A7-BA86-23AF6418B363}.Release|Win32.Build.0 = Release|Win32
		{68856493-229E-4B4A-AEF0-F63A2D817841}.Debug|Win32.ActiveCfg = Debug|Win32
		{68856493-229E-4B4A-AEF0-F63A2D817841}.Debug|Win32.Build.0 = Debug|Win32
		{68856493-229E-4B4A-AEF0-F63A2D817841}.Release|Win32.ActiveCfg = Release|Win32
		{68856493-229E-4B4A-AEF0-F63A2D817841}.Release|Win32.Build.0 = Release|Win32
		{F9D32848-3435-4060-8DD4-81E934914779}.Debug|Win32.ActiveCfg = Debug|Win32
		{F9D32848-3435-4060-8DD4-81E934914779}.Debug|Win32.Build.0 = Debug|Win32
		{F9D32848-3435-4060-8DD4-81E934914779}.Release|Win32.ActiveCfg = Release|Win32
		{F9D32848-3435-4060-8DD4-81E934914779}.Release|Win32.Build.0 = Release|Win32
		{92E01F73-D3D6-4C1D-8062-9709ECEBB1E7}.Debug|Win32.ActiveCfg = Debug|Win32
		{92E01F73-D3D6-4C1D-8062-9709ECEBB1E7}.Debug|Win32.Build.0 = Debug|Win32
		{92E01F73-D3D6-4C1D-8062-9709ECEBB1E7}.Release|Win32.ActiveCfg = Release|Win32
		{92E01F73-D3D6-4C1D-8062-9709ECEBB1E7}.Release|Win32.Build.0 = Release|Win32
		{124223EE-6BAE-46FF-BE18-FD8F2419CF50}.Debug|Win32.ActiveCfg = Debug|Win32
		{124223EE-6BAE-46FF-BE18-FD8F2419CF50}.Debug|Win32.Build.0 = Debug|Win32
		{124223EE-6BAE-46FF-BE18-FD8F2419CF50}.Release|Win32.ActiveCfg = Release|Win32
		{124223EE-6BAE-46FF-BE18-FD8F2419CF50}.Release|Win32.Build.0 = Release|Win32
		{322A3288-1754-4FEF-B25F-D732D394FE33}.Debug|Win32.ActiveCfg = Debug|Win32
		{322A3288-1754-4FEF-B25F-D732D394FE33}.Debug|Win32.Build.0 = Debug|Win32
		{322A3288-1754-4FEF-B25F-D732D394FE33}.Release|Win32.ActiveCfg = Release|Win32
		{322A3288-1754-4FEF-B25F-D732D394FE33}.Release|Win32.Build.0 = Release|Win32
		{66AAF0A1-D870-4CAE-B2E6-E8178BF83644}.Debug|Win32.ActiveCfg = Debug|Win32
		{66AAF0A1-D870-4CAE-B2E6-E8178BF83644}.Debug|Win32.Build.0 = Debug|Win32
		{66AAF0A1-D870-4CAE-B2E6-E8178BF83644}.Release|Win32.ActiveCfg = Release|Win32
		{66AAF0A1-D870-4CAE-B2E6-E8178BF83644}.Release|Win32.Build.0 = Release|Win32
		{6D14058C-A239-45B8-99E7-89BABDE84CCB}.Debug|Win32.ActiveCfg = Debug|Win32
		{6D14058C-A239-45B8-99E7-89BABDE84CCB}.Debug|Win32.Build.0 = Debug|Win32
		{6D14058C-A239-45B8-99E7-89BABDE84CCB}.Release|Win32.ActiveCfg = Release|Win32
		{6D14058C-A239-45B8-99E7-89BABDE84CCB}.Release|Win32.Build.0 = Release|Win32
		{BC06FB64-FF26-47BA-97F9-5AA5DDB273E3}.Debug|Win32.ActiveCfg = Debug|Win32
		{BC06FB64-FF26-47BA-97F9-5AA5DDB273E3}.Debug|Win32.Build.0 = Debug|Win32
		{BC06FB64-FF26-47BA-97F9-5AA5DDB273E3}.Release|Win32.ActiveCfg = Release|Win32
		{BC06FB64-FF26-47BA-97F9-5AA5DDB273E3}.Release|Win32.Build.0 = Release|Win32
		{2ADD1357-0F4F-4878-ADE1-D0C69BBF5C12}.Debug|Win32.ActiveCfg = Debug|Win32
		{2ADD1357-0F4F-4878-ADE1-D0C69BBF5C12}.Debug|Win32.Build.0 = Debug|Win32
		{2ADD1357-0F4F-4878-ADE1-D0C69BBF5C12}.Release|Win32.ActiveCfg = Release|Win32
		{2ADD1357-0F4F-4878-ADE1-D0C69BBF5C12}.Release|Win32.Build.0 = Release|Win32
		{E0B40348-133F-4963-88CF-E736685CA677}.Debug|Win32.ActiveCfg = Debug|Win32
		{E0B40348-133F-4963-88CF-E736685CA677}.Debug|Win32.Build.0 = Debug|Win32
		{E0B40348-133F-4963-88CF-E736685CA677}.Release|Win32.ActiveCfg = Release|Win32
		{E0B40348-133F-4963-88CF-E736685CA677}.Release|Win32.Build.0 = Release|Win32
		{DCA9677C-9E39-4878-82F5-E770606A915C}.Debug|Win32.ActiveCfg = Debug|Win32
		{DCA9677C-9E39-4878-82F5-E770606A915C}.Debug|Win32.Build.0 = Debug|Win32
		{DCA9677C-9E39-4878-82F5-E770606A915C}.Release|Win32.ActiveCfg = Release|Win32
		{DCA9677C-9E39-4878-82F5-E770606A915C}.Release|Win32.Build.0 = Release|Win32
		{A8AE7DB6-B07E-465B-B0AD-085C2D530B81}.Debug|Win32.ActiveCfg = Debug|Win32
		{A8AE7DB6-B07E-465B-B0AD-085C2D530B81}.Debug|Win32.Build.0 = Debug|Win32
		{A8AE7DB6-B07E-465B-B0AD-085C2D530B81}.Release|Win32.ActiveCfg = Release|Win32
		{A8AE7DB6-B07E-465B-B0AD-085C2D530B81}.Release|Win32.Build.0 = Release|Win32
		{6CD1D9CD-09CE-447D-AAFA-AF7869849CBF}.Debug|Win32.ActiveCfg = Debug|Win32
		{6CD1D9CD-09CE-447D-AAFA-AF7869849CBF}.Debug|Win32.Build.0 = Debug|Win32
		{6CD1D9CD-09CE-447D-AAFA-AF7869849CBF}.Release|Win32.ActiveCfg = Release|Win32
		{6CD1D9CD-09CE-447D-AAFA-AF7869849CBF}.Release|Win32.Build.0 = Release|Win32
		{F31FC99F-A16A-4C9B-8489-797009C0462E}.Debug|Win32.ActiveCfg = Debug|Win32
		{F31FC99F-A16A-4C9B-8489-797009C0462E}.Debug|Win32.Build.0 = Debug|Win32
		{F31FC99F-A16A-4C9B-8489-797009C0462E}.Release|Win32.ActiveCfg = Release|Win32
		{F31FC99F-A16A-4C9B-8489-797009C0462E}.Release|Win32.Build.0 = Release|Win32
		{42BE6169-84AE-403A-9D49-24EEBFE68755}.Debug|Win32.ActiveCfg = Debug|Win32
		{42BE6169-84AE-403A-9D49-24EEBFE68755}.Debug|Win32.Build.0 = Debug|Win32
		{42BE6169-84AE-403A-9D49-24EEBFE68755}.Release|Win32.ActiveCfg = Release|Win32
		{42BE6169-84AE-403A-9D49-24EEBFE68755}.Release|Win32.Build.0 = Release|Win32
		{AE100832-9023-449C-9F71-EB20308484DA}.Debug|Win32.ActiveCfg = Debug|Win32
		{AE100832-9023-449C-9F71-EB20308484DA}.Debug|Win32.Build.0 = Debug|Win32
		{AE100832-9023-449C-9F71-EB20308484DA}.Release|Win32.ActiveCfg = Release|Win32
		{AE100832-9023-449C-9F71-EB20308484DA}.Release|Win32.Build.0 = Release|Win32
		{DA77AE18-959C-4736-A9FD-D324E80CC8F0}.Debug|Win32.ActiveCfg = Debug|Win32
		{DA77AE18-959C-4736-A9FD-D324E80CC8F0}.Debug|Win32.Build.0 = Debug|Win32
		{DA77AE18-959C-4736-A9FD-D324E80CC8F0}.Release|Win32.ActiveCfg = Release|Win32
		{DA77AE18-959C-4736-A9FD-D324E80CC8F0}.Release|Win32.Build.0 = Release|Win32
		{FDCABFEB-6502-43D1-ABD8-071842500BAE}.Debug|Win32.ActiveCfg = Debug|Win32
		{FDCABFEB-6502-43D1-ABD8-071842500BAE}.Debug|Win32.Build.0 = Debug|Win32
		{FDCABFEB-6502-43D1-ABD8-071842500BAE}.Release|Win32.ActiveCfg = Release|Win32
		{FDCABFEB-6502-43D1-ABD8-071842500BAE}.Release|Win32.Build.0 = Release|Win32
		{2DA46E75-1978-4FD2-A10D-907FC7580C8A}.Debug|Win32.ActiveCfg = Debug|Win32
		{2DA46E75-1978-4FD2-A10D-907FC7580C8A}.Debug|Win32.Build.0 = Debug|Win32
		{2DA46E75-1978-4FD2-A10D-907FC7580C8A}.Release|Win32.ActiveCfg = Release|Win32
		{2DA46E75-1978-4FD2-A10D-907FC7580C8A}.Release|Win32.Build.0 = Release|Win32
		{65F4C697-4459-4C77-A525-5AF28201D3E6}.Debug|Win32.ActiveCfg = Debug|Win32
		{65F4C697-4459-4C77-A525-5AF28201D3E6}.Debug|Win32.Build.0 = Debug|Win32
		{65F4C697-4459-4C77-A525-5AF28201D3E6}.Release|Win32.ActiveCfg = Release|Win32
		{65F4C697-4459-4C77-A525-5AF28201D3E6}.Release|Win32.Build.0 = Release|Win32
		{BBA5EC08-DE74-4FFF-A07F-7B3051C72CEF}.Debug|Win32.ActiveCfg = Debug|Win32
		{BBA5EC08-DE74-4FFF-A07F-7B3051C72CEF}.Debug|Win32.Build.0 = Debug|Win32
		{BBA5EC08-DE74-4FFF-A07F-7B3051C72CEF}.Release|Win32.ActiveCfg = Release|Win32
		{BBA5EC08-DE74-4FFF-A07F-7B3051C72CEF}.Release|Win32.Build.0 = Release|Win32
		{BBD1ED72-A241-4342-B362-76DBC1571422}.Debug|Win32.ActiveCfg = Debug|Win32
		{BBD1ED72-A241-4342-B362-76DBC1571422}.Debug|Win32.Build.0 = Debug|Win32
		{BBD1ED72-A241-4342-B362-76DBC1571422}.Release|Win32.ActiveCfg = Release|Win32
		{BBD1ED72-A241-4342-B362-76DBC1571422}.Release|Win32.Build.0 = Release|Win32
	EndGlobalSection
	GlobalSection(SolutionProperties) = preSolution
		HideSolutionNode = FALSE
	EndGlobalSection
EndGlobal
